
Microsoft Visual Studio Solution File, Format Version 12.00
# Visual Studio 15
VisualStudioVersion = 15.0.27703.2035
MinimumVisualStudioVersion = 10.0.40219.1
Project("{9A19103F-16F7-4668-BE54-9A1E7A4F7556}") = "CommonIssues.JsonParser", "CommonIssue.JsonParser\CommonIssues.JsonParser.csproj", "{C553DF46-5FCF-48FE-A453-4634880C0B48}"
EndProject
Global
	GlobalSection(SolutionConfigurationPlatforms) = preSolution
		Debug|Any CPU = Debug|Any CPU
		Release|Any CPU = Release|Any CPU
	EndGlobalSection
	GlobalSection(ProjectConfigurationPlatforms) = postSolution
		{C553DF46-5FCF-48FE-A453-4634880C0B48}.Debug|Any CPU.ActiveCfg = Debug|Any CPU
		{C553DF46-5FCF-48FE-A453-4634880C0B48}.Debug|Any CPU.Build.0 = Debug|Any CPU
		{C553DF46-5FCF-48FE-A453-4634880C0B48}.Release|Any CPU.ActiveCfg = Release|Any CPU
		{C553DF46-5FCF-48FE-A453-4634880C0B48}.Release|Any CPU.Build.0 = Release|Any CPU
	EndGlobalSection
	GlobalSection(SolutionProperties) = preSolution
		HideSolutionNode = FALSE
	EndGlobalSection
	GlobalSection(ExtensibilityGlobals) = postSolution
		SolutionGuid = {13B862E5-C015-454E-8CF5-07D06E89C175}
	EndGlobalSection
EndGlobal
